
Microsoft Visual Studio Solution File, Format Version 12.00
# Visual Studio Version 17
VisualStudioVersion = 17.12.35527.113 d17.12
MinimumVisualStudioVersion = 10.0.40219.1
Project("{FAE04EC0-301F-11D3-BF4B-00C04F79EFBC}") = "Fatma_Amr_W2_0523012", "Fatma_Amr_W2_0523012\Fatma_Amr_W2_0523012.csproj", "{4D47E63B-4E43-4074-A6AF-1296899B0B82}"
EndProject
Global
	GlobalSection(SolutionConfigurationPlatforms) = preSolution
		Debug|Any CPU = Debug|Any CPU
		Release|Any CPU = Release|Any CPU
	EndGlobalSection
	GlobalSection(ProjectConfigurationPlatforms) = postSolution
		{4D47E63B-4E43-4074-A6AF-1296899B0B82}.Debug|Any CPU.ActiveCfg = Debug|Any CPU
		{4D47E63B-4E43-4074-A6AF-1296899B0B82}.Debug|Any CPU.Build.0 = Debug|Any CPU
		{4D47E63B-4E43-4074-A6AF-1296899B0B82}.Release|Any CPU.ActiveCfg = Release|Any CPU
		{4D47E63B-4E43-4074-A6AF-1296899B0B82}.Release|Any CPU.Build.0 = Release|Any CPU
	EndGlobalSection
	GlobalSection(SolutionProperties) = preSolution
		HideSolutionNode = FALSE
	EndGlobalSection
EndGlobal
